// !$*UTF8*$!
{
	archiveVersion = 1;
	classes = {
	};
	objectVersion = 50;
	objects = {

/* Begin PBXBuildFile section */
		09FB9ADD2705AB060059CE02 /* TestPOSTrequestApp.swift in Sources */ = {isa = PBXBuildFile; fileRef = 09FB9ADC2705AB060059CE02 /* TestPOSTrequestApp.swift */; };
		09FB9ADF2705AB060059CE02 /* ContentView.swift in Sources */ = {isa = PBXBuildFile; fileRef = 09FB9ADE2705AB060059CE02 /* ContentView.swift */; };
		09FB9AE12705AB0A0059CE02 /* Assets.xcassets in Resources */ = {isa = PBXBuildFile; fileRef = 09FB9AE02705AB0A0059CE02 /* Assets.xcassets */; };
		09FB9AE42705AB0A0059CE02 /* Preview Assets.xcassets in Resources */ = {isa = PBXBuildFile; fileRef = 09FB9AE32705AB0A0059CE02 /* Preview Assets.xcassets */; };
		09FB9AEF2705AB0A0059CE02 /* TestPOSTrequestTests.swift in Sources */ = {isa = PBXBuildFile; fileRef = 09FB9AEE2705AB0A0059CE02 /* TestPOSTrequestTests.swift */; };
		09FB9AFA2705AB0A0059CE02 /* TestPOSTrequestUITests.swift in Sources */ = {isa = PBXBuildFile; fileRef = 09FB9AF92705AB0A0059CE02 /* TestPOSTrequestUITests.swift */; };
/* End PBXBuildFile section */

/* Begin PBXContainerItemProxy section */
		09FB9AEB2705AB0A0059CE02 /* PBXContainerItemProxy */ = {
			isa = PBXContainerItemProxy;
			containerPortal = 09FB9AD12705AB060059CE02 /* Project object */;
			proxyType = 1;
			remoteGlobalIDString = 09FB9AD82705AB060059CE02;
			remoteInfo = TestPOSTrequest;
		};
		09FB9AF62705AB0A0059CE02 /* PBXContainerItemProxy */ = {
			isa = PBXContainerItemProxy;
			containerPortal = 09FB9AD12705AB060059CE02 /* Project object */;
			proxyType = 1;
			remoteGlobalIDString = 09FB9AD82705AB060059CE02;
			remoteInfo = TestPOSTrequest;
		};
/* End PBXContainerItemProxy section */

/* Begin PBXFileReference section */
		09FB9AD92705AB060059CE02 /* TestPOSTrequest.app */ = {isa = PBXFileReference; explicitFileType = wrapper.application; includeInIndex = 0; path = TestPOSTrequest.app; sourceTree = BUILT_PRODUCTS_DIR; };
		09FB9ADC2705AB060059CE02 /* TestPOSTrequestApp.swift */ = {isa = PBXFileReference; lastKnownFileType = sourcecode.swift; path = TestPOSTrequestApp.swift; sourceTree = "<group>"; };
		09FB9ADE2705AB060059CE02 /* ContentView.swift */ = {isa = PBXFileReference; lastKnownFileType = sourcecode.swift; path = ContentView.swift; sourceTree = "<group>"; };
		09FB9AE02705AB0A0059CE02 /* Assets.xcassets */ = {isa = PBXFileReference; lastKnownFileType = folder.assetcatalog; path = Assets.xcassets; sourceTree = "<group>"; };
		09FB9AE32705AB0A0059CE02 /* Preview Assets.xcassets */ = {isa = PBXFileReference; lastKnownFileType = folder.assetcatalog; path = "Preview Assets.xcassets"; sourceTree = "<group>"; };
		09FB9AE52705AB0A0059CE02 /* Info.plist */ = {isa = PBXFileReference; lastKnownFileType = text.plist.xml; path = Info.plist; sourceTree = "<group>"; };
		09FB9AEA2705AB0A0059CE02 /* TestPOSTrequestTests.xctest */ = {isa = PBXFileReference; explicitFileType = wrapper.cfbundle; includeInIndex = 0; path = TestPOSTrequestTests.xctest; sourceTree = BUILT_PRODUCTS_DIR; };
		09FB9AEE2705AB0A0059CE02 /* TestPOSTrequestTests.swift */ = {isa = PBXFileReference; lastKnownFileType = sourcecode.swift; path = TestPOSTrequestTests.swift; sourceTree = "<group>"; };
		09FB9AF02705AB0A0059CE02 /* Info.plist */ = {isa = PBXFileReference; lastKnownFileType = text.plist.xml; path = Info.plist; sourceTree = "<group>"; };
		09FB9AF52705AB0A0059CE02 /* TestPOSTrequestUITests.xctest */ = {isa = PBXFileReference; explicitFileType = wrapper.cfbundle; includeInIndex = 0; path = TestPOSTrequestUITests.xctest; sourceTree = BUILT_PRODUCTS_DIR; };
		09FB9AF92705AB0A0059CE02 /* TestPOSTrequestUITests.swift */ = {isa = PBXFileReference; lastKnownFileType = sourcecode.swift; path = TestPOSTrequestUITests.swift; sourceTree = "<group>"; };
		09FB9AFB2705AB0A0059CE02 /* Info.plist */ = {isa = PBXFileReference; lastKnownFileType = text.plist.xml; path = Info.plist; sourceTree = "<group>"; };
/* End PBXFileReference section */

/* Begin PBXFrameworksBuildPhase section */
		09FB9AD62705AB060059CE02 /* Frameworks */ = {
			isa = PBXFrameworksBuildPhase;
			buildActionMask = 2147483647;
			files = (
			);
			runOnlyForDeploymentPostprocessing = 0;
		};
		09FB9AE72705AB0A0059CE02 /* Frameworks */ = {
			isa = PBXFrameworksBuildPhase;
			buildActionMask = 2147483647;
			files = (
			);
			runOnlyForDeploymentPostprocessing = 0;
		};
		09FB9AF22705AB0A0059CE02 /* Frameworks */ = {
			isa = PBXFrameworksBuildPhase;
			buildActionMask = 2147483647;
			files = (
			);
			runOnlyForDeploymentPostprocessing = 0;
		};
/* End PBXFrameworksBuildPhase section */

/* Begin PBXGroup section */
		09FB9AD02705AB060059CE02 = {
			isa = PBXGroup;
			children = (
				09FB9ADB2705AB060059CE02 /* TestPOSTrequest */,
				09FB9AED2705AB0A0059CE02 /* TestPOSTrequestTests */,
				09FB9AF82705AB0A0059CE02 /* TestPOSTrequestUITests */,
				09FB9ADA2705AB060059CE02 /* Products */,
			);
			sourceTree = "<group>";
		};
		09FB9ADA2705AB060059CE02 /* Products */ = {
			isa = PBXGroup;
			children = (
				09FB9AD92705AB060059CE02 /* TestPOSTrequest.app */,
				09FB9AEA2705AB0A0059CE02 /* TestPOSTrequestTests.xctest */,
				09FB9AF52705AB0A0059CE02 /* TestPOSTrequestUITests.xctest */,
			);
			name = Products;
			sourceTree = "<group>";
		};
		09FB9ADB2705AB060059CE02 /* TestPOSTrequest */ = {
			isa = PBXGroup;
			children = (
				09FB9ADC2705AB060059CE02 /* TestPOSTrequestApp.swift */,
				09FB9ADE2705AB060059CE02 /* ContentView.swift */,
				09FB9AE02705AB0A0059CE02 /* Assets.xcassets */,
				09FB9AE52705AB0A0059CE02 /* Info.plist */,
				09FB9AE22705AB0A0059CE02 /* Preview Content */,
			);
			path = TestPOSTrequest;
			sourceTree = "<group>";
		};
		09FB9AE22705AB0A0059CE02 /* Preview Content */ = {
			isa = PBXGroup;
			children = (
				09FB9AE32705AB0A0059CE02 /* Preview Assets.xcassets */,
			);
			path = "Preview Content";
			sourceTree = "<group>";
		};
		09FB9AED2705AB0A0059CE02 /* TestPOSTrequestTests */ = {
			isa = PBXGroup;
			children = (
				09FB9AEE2705AB0A0059CE02 /* TestPOSTrequestTests.swift */,
				09FB9AF02705AB0A0059CE02 /* Info.plist */,
			);
			path = TestPOSTrequestTests;
			sourceTree = "<group>";
		};
		09FB9AF82705AB0A0059CE02 /* TestPOSTrequestUITests */ = {
			isa = PBXGroup;
			children = (
				09FB9AF92705AB0A0059CE02 /* TestPOSTrequestUITests.swift */,
				09FB9AFB2705AB0A0059CE02 /* Info.plist */,
			);
			path = TestPOSTrequestUITests;
			sourceTree = "<group>";
		};
/* End PBXGroup section */

/* Begin PBXNativeTarget section */
		09FB9AD82705AB060059CE02 /* TestPOSTrequest */ = {
			isa = PBXNativeTarget;
			buildConfigurationList = 09FB9AFE2705AB0A0059CE02 /* Build configuration list for PBXNativeTarget "TestPOSTrequest" */;
			buildPhases = (
				09FB9AD52705AB060059CE02 /* Sources */,
				09FB9AD62705AB060059CE02 /* Frameworks */,
				09FB9AD72705AB060059CE02 /* Resources */,
			);
			buildRules = (
			);
			dependencies = (
			);
			name = TestPOSTrequest;
			productName = TestPOSTrequest;
			productReference = 09FB9AD92705AB060059CE02 /* TestPOSTrequest.app */;
			productType = "com.apple.product-type.application";
		};
		09FB9AE92705AB0A0059CE02 /* TestPOSTrequestTests */ = {
			isa = PBXNativeTarget;
			buildConfigurationList = 09FB9B012705AB0A0059CE02 /* Build configuration list for PBXNativeTarget "TestPOSTrequestTests" */;
			buildPhases = (
				09FB9AE62705AB0A0059CE02 /* Sources */,
				09FB9AE72705AB0A0059CE02 /* Frameworks */,
				09FB9AE82705AB0A0059CE02 /* Resources */,
			);
			buildRules = (
			);
			dependencies = (
				09FB9AEC2705AB0A0059CE02 /* PBXTargetDependency */,
			);
			name = TestPOSTrequestTests;
			productName = TestPOSTrequestTests;
			productReference = 09FB9AEA2705AB0A0059CE02 /* TestPOSTrequestTests.xctest */;
			productType = "com.apple.product-type.bundle.unit-test";
		};
		09FB9AF42705AB0A0059CE02 /* TestPOSTrequestUITests */ = {
			isa = PBXNativeTarget;
			buildConfigurationList = 09FB9B042705AB0A0059CE02 /* Build configuration list for PBXNativeTarget "TestPOSTrequestUITests" */;
			buildPhases = (
				09FB9AF12705AB0A0059CE02 /* Sources */,
				09FB9AF22705AB0A0059CE02 /* Frameworks */,
				09FB9AF32705AB0A0059CE02 /* Resources */,
			);
			buildRules = (
			);
			dependencies = (
				09FB9AF72705AB0A0059CE02 /* PBXTargetDependency */,
			);
			name = TestPOSTrequestUITests;
			productName = TestPOSTrequestUITests;
			productReference = 09FB9AF52705AB0A0059CE02 /* TestPOSTrequestUITests.xctest */;
			productType = "com.apple.product-type.bundle.ui-testing";
		};
/* End PBXNativeTarget section */

/* Begin PBXProject section */
		09FB9AD12705AB060059CE02 /* Project object */ = {
			isa = PBXProject;
			attributes = {
				LastSwiftUpdateCheck = 1250;
				LastUpgradeCheck = 1250;
				TargetAttributes = {
					09FB9AD82705AB060059CE02 = {
						CreatedOnToolsVersion = 12.5;
					};
					09FB9AE92705AB0A0059CE02 = {
						CreatedOnToolsVersion = 12.5;
						TestTargetID = 09FB9AD82705AB060059CE02;
					};
					09FB9AF42705AB0A0059CE02 = {
						CreatedOnToolsVersion = 12.5;
						TestTargetID = 09FB9AD82705AB060059CE02;
					};
				};
			};
			buildConfigurationList = 09FB9AD42705AB060059CE02 /* Build configuration list for PBXProject "TestPOSTrequest" */;
			compatibilityVersion = "Xcode 9.3";
			developmentRegion = en;
			hasScannedForEncodings = 0;
			knownRegions = (
				en,
				Base,
			);
			mainGroup = 09FB9AD02705AB060059CE02;
			productRefGroup = 09FB9ADA2705AB060059CE02 /* Products */;
			projectDirPath = "";
			projectRoot = "";
			targets = (
				09FB9AD82705AB060059CE02 /* TestPOSTrequest */,
				09FB9AE92705AB0A0059CE02 /* TestPOSTrequestTests */,
				09FB9AF42705AB0A0059CE02 /* TestPOSTrequestUITests */,
			);
		};
/* End PBXProject section */

/* Begin PBXResourcesBuildPhase section */
		09FB9AD72705AB060059CE02 /* Resources */ = {
			isa = PBXResourcesBuildPhase;
			buildActionMask = 2147483647;
			files = (
				09FB9AE42705AB0A0059CE02 /* Preview Assets.xcassets in Resources */,
				09FB9AE12705AB0A0059CE02 /* Assets.xcassets in Resources */,
			);
			runOnlyForDeploymentPostprocessing = 0;
		};
		09FB9AE82705AB0A0059CE02 /* Resources */ = {
			isa = PBXResourcesBuildPhase;
			buildActionMask = 2147483647;
			files = (
			);
			runOnlyForDeploymentPostprocessing = 0;
		};
		09FB9AF32705AB0A0059CE02 /* Resources */ = {
			isa = PBXResourcesBuildPhase;
			buildActionMask = 2147483647;
			files = (
			);
			runOnlyForDeploymentPostprocessing = 0;
		};
/* End PBXResourcesBuildPhase section */

/* Begin PBXSourcesBuildPhase section */
		09FB9AD52705AB060059CE02 /* Sources */ = {
			isa = PBXSourcesBuildPhase;
			buildActionMask = 2147483647;
			files = (
				09FB9ADF2705AB060059CE02 /* ContentView.swift in Sources */,
				09FB9ADD2705AB060059CE02 /* TestPOSTrequestApp.swift in Sources */,
			);
			runOnlyForDeploymentPostprocessing = 0;
		};
		09FB9AE62705AB0A0059CE02 /* Sources */ = {
			isa = PBXSourcesBuildPhase;
			buildActionMask = 2147483647;
			files = (
				09FB9AEF2705AB0A0059CE02 /* TestPOSTrequestTests.swift in Sources */,
			);
			runOnlyForDeploymentPostprocessing = 0;
		};
		09FB9AF12705AB0A0059CE02 /* Sources */ = {
			isa = PBXSourcesBuildPhase;
			buildActionMask = 2147483647;
			files = (
				09FB9AFA2705AB0A0059CE02 /* TestPOSTrequestUITests.swift in Sources */,
			);
			runOnlyForDeploymentPostprocessing = 0;
		};
/* End PBXSourcesBuildPhase section */

/* Begin PBXTargetDependency section */
		09FB9AEC2705AB0A0059CE02 /* PBXTargetDependency */ = {
			isa = PBXTargetDependency;
			target = 09FB9AD82705AB060059CE02 /* TestPOSTrequest */;
			targetProxy = 09FB9AEB2705AB0A0059CE02 /* PBXContainerItemProxy */;
		};
		09FB9AF72705AB0A0059CE02 /* PBXTargetDependency */ = {
			isa = PBXTargetDependency;
			target = 09FB9AD82705AB060059CE02 /* TestPOSTrequest */;
			targetProxy = 09FB9AF62705AB0A0059CE02 /* PBXContainerItemProxy */;
		};
/* End PBXTargetDependency section */

/* Begin XCBuildConfiguration section */
		09FB9AFC2705AB0A0059CE02 /* Debug */ = {
			isa = XCBuildConfiguration;
			buildSettings = {
				ALWAYS_SEARCH_USER_PATHS = NO;
				CLANG_ANALYZER_NONNULL = YES;
				CLANG_ANALYZER_NUMBER_OBJECT_CONVERSION = YES_AGGRESSIVE;
				CLANG_CXX_LANGUAGE_STANDARD = "gnu++14";
				CLANG_CXX_LIBRARY = "libc++";
				CLANG_ENABLE_MODULES = YES;
				CLANG_ENABLE_OBJC_ARC = YES;
				CLANG_ENABLE_OBJC_WEAK = YES;
				CLANG_WARN_BLOCK_CAPTURE_AUTORELEASING = YES;
				CLANG_WARN_BOOL_CONVERSION = YES;
				CLANG_WARN_COMMA = YES;
				CLANG_WARN_CONSTANT_CONVERSION = YES;
				CLANG_WARN_DEPRECATED_OBJC_IMPLEMENTATIONS = YES;
				CLANG_WARN_DIRECT_OBJC_ISA_USAGE = YES_ERROR;
				CLANG_WARN_DOCUMENTATION_COMMENTS = YES;
				CLANG_WARN_EMPTY_BODY = YES;
				CLANG_WARN_ENUM_CONVERSION = YES;
				CLANG_WARN_INFINITE_RECURSION = YES;
				CLANG_WARN_INT_CONVERSION = YES;
				CLANG_WARN_NON_LITERAL_NULL_CONVERSION = YES;
				CLANG_WARN_OBJC_IMPLICIT_RETAIN_SELF = YES;
				CLANG_WARN_OBJC_LITERAL_CONVERSION = YES;
				CLANG_WARN_OBJC_ROOT_CLASS = YES_ERROR;
				CLANG_WARN_QUOTED_INCLUDE_IN_FRAMEWORK_HEADER = YES;
				CLANG_WARN_RANGE_LOOP_ANALYSIS = YES;
				CLANG_WARN_STRICT_PROTOTYPES = YES;
				CLANG_WARN_SUSPICIOUS_MOVE = YES;
				CLANG_WARN_UNGUARDED_AVAILABILITY = YES_AGGRESSIVE;
				CLANG_WARN_UNREACHABLE_CODE = YES;
				CLANG_WARN__DUPLICATE_METHOD_MATCH = YES;
				COPY_PHASE_STRIP = NO;
				DEBUG_INFORMATION_FORMAT = dwarf;
				ENABLE_STRICT_OBJC_MSGSEND = YES;
				ENABLE_TESTABILITY = YES;
				GCC_C_LANGUAGE_STANDARD = gnu11;
				GCC_DYNAMIC_NO_PIC = NO;
				GCC_NO_COMMON_BLOCKS = YES;
				GCC_OPTIMIZATION_LEVEL = 0;
				GCC_PREPROCESSOR_DEFINITIONS = (
					"DEBUG=1",
					"$(inherited)",
				);
				GCC_WARN_64_TO_32_BIT_CONVERSION = YES;
				GCC_WARN_ABOUT_RETURN_TYPE = YES_ERROR;
				GCC_WARN_UNDECLARED_SELECTOR = YES;
				GCC_WARN_UNINITIALIZED_AUTOS = YES_AGGRESSIVE;
				GCC_WARN_UNUSED_FUNCTION = YES;
				GCC_WARN_UNUSED_VARIABLE = YES;
				IPHONEOS_DEPLOYMENT_TARGET = 14.5;
				MTL_ENABLE_DEBUG_INFO = INCLUDE_SOURCE;
				MTL_FAST_MATH = YES;
				ONLY_ACTIVE_ARCH = YES;
				SDKROOT = iphoneos;
				SWIFT_ACTIVE_COMPILATION_CONDITIONS = DEBUG;
				SWIFT_OPTIMIZATION_LEVEL = "-Onone";
			};
			name = Debug;
		};
		09FB9AFD2705AB0A0059CE02 /* Release */ = {
			isa = XCBuildConfiguration;
			buildSettings = {
				ALWAYS_SEARCH_USER_PATHS = NO;
				CLANG_ANALYZER_NONNULL = YES;
				CLANG_ANALYZER_NUMBER_OBJECT_CONVERSION = YES_AGGRESSIVE;
				CLANG_CXX_LANGUAGE_STANDARD = "gnu++14";
				CLANG_CXX_LIBRARY = "libc++";
				CLANG_ENABLE_MODULES = YES;
				CLANG_ENABLE_OBJC_ARC = YES;
				CLANG_ENABLE_OBJC_WEAK = YES;
				CLANG_WARN_BLOCK_CAPTURE_AUTORELEASING = YES;
				CLANG_WARN_BOOL_CONVERSION = YES;
				CLANG_WARN_COMMA = YES;
				CLANG_WARN_CONSTANT_CONVERSION = YES;
				CLANG_WARN_DEPRECATED_OBJC_IMPLEMENTATIONS = YES;
				CLANG_WARN_DIRECT_OBJC_ISA_USAGE = YES_ERROR;
				CLANG_WARN_DOCUMENTATION_COMMENTS = YES;
				CLANG_WARN_EMPTY_BODY = YES;
				CLANG_WARN_ENUM_CONVERSION = YES;
				CLANG_WARN_INFINITE_RECURSION = YES;
				CLANG_WARN_INT_CONVERSION = YES;
				CLANG_WARN_NON_LITERAL_NULL_CONVERSION = YES;
				CLANG_WARN_OBJC_IMPLICIT_RETAIN_SELF = YES;
				CLANG_WARN_OBJC_LITERAL_CONVERSION = YES;
				CLANG_WARN_OBJC_ROOT_CLASS = YES_ERROR;
				CLANG_WARN_QUOTED_INCLUDE_IN_FRAMEWORK_HEADER = YES;
				CLANG_WARN_RANGE_LOOP_ANALYSIS = YES;
				CLANG_WARN_STRICT_PROTOTYPES = YES;
				CLANG_WARN_SUSPICIOUS_MOVE = YES;
				CLANG_WARN_UNGUARDED_AVAILABILITY = YES_AGGRESSIVE;
				CLANG_WARN_UNREACHABLE_CODE = YES;
				CLANG_WARN__DUPLICATE_METHOD_MATCH = YES;
				COPY_PHASE_STRIP = NO;
				DEBUG_INFORMATION_FORMAT = "dwarf-with-dsym";
				ENABLE_NS_ASSERTIONS = NO;
				ENABLE_STRICT_OBJC_MSGSEND = YES;
				GCC_C_LANGUAGE_STANDARD = gnu11;
				GCC_NO_COMMON_BLOCKS = YES;
				GCC_WARN_64_TO_32_BIT_CONVERSION = YES;
				GCC_WARN_ABOUT_RETURN_TYPE = YES_ERROR;
				GCC_WARN_UNDECLARED_SELECTOR = YES;
				GCC_WARN_UNINITIALIZED_AUTOS = YES_AGGRESSIVE;
				GCC_WARN_UNUSED_FUNCTION = YES;
				GCC_WARN_UNUSED_VARIABLE = YES;
				IPHONEOS_DEPLOYMENT_TARGET = 14.5;
				MTL_ENABLE_DEBUG_INFO = NO;
				MTL_FAST_MATH = YES;
				SDKROOT = iphoneos;
				SWIFT_COMPILATION_MODE = wholemodule;
				SWIFT_OPTIMIZATION_LEVEL = "-O";
				VALIDATE_PRODUCT = YES;
			};
			name = Release;
		};
		09FB9AFF2705AB0A0059CE02 /* Debug */ = {
			isa = XCBuildConfiguration;
			buildSettings = {
				ASSETCATALOG_COMPILER_APPICON_NAME = AppIcon;
				ASSETCATALOG_COMPILER_GLOBAL_ACCENT_COLOR_NAME = AccentColor;
				CODE_SIGN_STYLE = Automatic;
				DEVELOPMENT_ASSET_PATHS = "\"TestPOSTrequest/Preview Content\"";
				DEVELOPMENT_TEAM = 268QRW4R7C;
				ENABLE_PREVIEWS = YES;
				INFOPLIST_FILE = TestPOSTrequest/Info.plist;
				IPHONEOS_DEPLOYMENT_TARGET = 14.0;
				LD_RUNPATH_SEARCH_PATHS = (
					"$(inherited)",
					"@executable_path/Frameworks",
				);
				PRODUCT_BUNDLE_IDENTIFIER = BorisShestakov.TestPOSTrequest;
				PRODUCT_NAME = "$(TARGET_NAME)";
				SWIFT_VERSION = 5.0;
				TARGETED_DEVICE_FAMILY = "1,2";
			};
			name = Debug;
		};
		09FB9B002705AB0A0059CE02 /* Release */ = {
			isa = XCBuildConfiguration;
			buildSettings = {
				ASSETCATALOG_COMPILER_APPICON_NAME = AppIcon;
				ASSETCATALOG_COMPILER_GLOBAL_ACCENT_COLOR_NAME = AccentColor;
				CODE_SIGN_STYLE = Automatic;
				DEVELOPMENT_ASSET_PATHS = "\"TestPOSTrequest/Preview Content\"";
				DEVELOPMENT_TEAM = 268QRW4R7C;
				ENABLE_PREVIEWS = YES;
				INFOPLIST_FILE = TestPOSTrequest/Info.plist;
				IPHONEOS_DEPLOYMENT_TARGET = 14.0;
				LD_RUNPATH_SEARCH_PATHS = (
					"$(inherited)",
					"@executable_path/Frameworks",
				);
				PRODUCT_BUNDLE_IDENTIFIER = BorisShestakov.TestPOSTrequest;
				PRODUCT_NAME = "$(TARGET_NAME)";
				SWIFT_VERSION = 5.0;
				TARGETED_DEVICE_FAMILY = "1,2";
			};
			name = Release;
		};
		09FB9B022705AB0A0059CE02 /* Debug */ = {
			isa = XCBuildConfiguration;
			buildSettings = {
				ALWAYS_EMBED_SWIFT_STANDARD_LIBRARIES = YES;
				BUNDLE_LOADER = "$(TEST_HOST)";
				CODE_SIGN_STYLE = Automatic;
				DEVELOPMENT_TEAM = 268QRW4R7C;
				INFOPLIST_FILE = TestPOSTrequestTests/Info.plist;
				IPHONEOS_DEPLOYMENT_TARGET = 14.0;
				LD_RUNPATH_SEARCH_PATHS = (
					"$(inherited)",
					"@executable_path/Frameworks",
					"@loader_path/Frameworks",
				);
				PRODUCT_BUNDLE_IDENTIFIER = BorisShestakov.TestPOSTrequestTests;
				PRODUCT_NAME = "$(TARGET_NAME)";
				SWIFT_VERSION = 5.0;
				TARGETED_DEVICE_FAMILY = "1,2";
				TEST_HOST = "$(BUILT_PRODUCTS_DIR)/TestPOSTrequest.app/TestPOSTrequest";
			};
			name = Debug;
		};
		09FB9B032705AB0A0059CE02 /* Release */ = {
			isa = XCBuildConfiguration;
			buildSettings = {
				ALWAYS_EMBED_SWIFT_STANDARD_LIBRARIES = YES;
				BUNDLE_LOADER = "$(TEST_HOST)";
				CODE_SIGN_STYLE = Automatic;
				DEVELOPMENT_TEAM = 268QRW4R7C;
				INFOPLIST_FILE = TestPOSTrequestTests/Info.plist;
				IPHONEOS_DEPLOYMENT_TARGET = 14.0;
				LD_RUNPATH_SEARCH_PATHS = (
					"$(inherited)",
					"@executable_path/Frameworks",
					"@loader_path/Frameworks",
				);
				PRODUCT_BUNDLE_IDENTIFIER = BorisShestakov.TestPOSTrequestTests;
				PRODUCT_NAME = "$(TARGET_NAME)";
				SWIFT_VERSION = 5.0;
				TARGETED_DEVICE_FAMILY = "1,2";
				TEST_HOST = "$(BUILT_PRODUCTS_DIR)/TestPOSTrequest.app/TestPOSTrequest";
			};
			name = Release;
		};
		09FB9B052705AB0A0059CE02 /* Debug */ = {
			isa = XCBuildConfiguration;
			buildSettings = {
				ALWAYS_EMBED_SWIFT_STANDARD_LIBRARIES = YES;
				CODE_SIGN_STYLE = Automatic;
				DEVELOPMENT_TEAM = 268QRW4R7C;
				INFOPLIST_FILE = TestPOSTrequestUITests/Info.plist;
				LD_RUNPATH_SEARCH_PATHS = (
					"$(inherited)",
					"@executable_path/Frameworks",
					"@loader_path/Frameworks",
				);
				PRODUCT_BUNDLE_IDENTIFIER = BorisShestakov.TestPOSTrequestUITests;
				PRODUCT_NAME = "$(TARGET_NAME)";
				SWIFT_VERSION = 5.0;
				TARGETED_DEVICE_FAMILY = "1,2";
				TEST_TARGET_NAME = TestPOSTrequest;
			};
			name = Debug;
		};
		09FB9B062705AB0A0059CE02 /* Release */ = {
			isa = XCBuildConfiguration;
			buildSettings = {
				ALWAYS_EMBED_SWIFT_STANDARD_LIBRARIES = YES;
				CODE_SIGN_STYLE = Automatic;
				DEVELOPMENT_TEAM = 268QRW4R7C;
				INFOPLIST_FILE = TestPOSTrequestUITests/Info.plist;
				LD_RUNPATH_SEARCH_PATHS = (
					"$(inherited)",
					"@executable_path/Frameworks",
					"@loader_path/Frameworks",
				);
				PRODUCT_BUNDLE_IDENTIFIER = BorisShestakov.TestPOSTrequestUITests;
				PRODUCT_NAME = "$(TARGET_NAME)";
				SWIFT_VERSION = 5.0;
				TARGETED_DEVICE_FAMILY = "1,2";
				TEST_TARGET_NAME = TestPOSTrequest;
			};
			name = Release;
		};
/* End XCBuildConfiguration section */

/* Begin XCConfigurationList section */
		09FB9AD42705AB060059CE02 /* Build configuration list for PBXProject "TestPOSTrequest" */ = {
			isa = XCConfigurationList;
			buildConfigurations = (
				09FB9AFC2705AB0A0059CE02 /* Debug */,
				09FB9AFD2705AB0A0059CE02 /* Release */,
			);
			defaultConfigurationIsVisible = 0;
			defaultConfigurationName = Release;
		};
		09FB9AFE2705AB0A0059CE02 /* Build configuration list for PBXNativeTarget "TestPOSTrequest" */ = {
			isa = XCConfigurationList;
			buildConfigurations = (
				09FB9AFF2705AB0A0059CE02 /* Debug */,
				09FB9B002705AB0A0059CE02 /* Release */,
			);
			defaultConfigurationIsVisible = 0;
			defaultConfigurationName = Release;
		};
		09FB9B012705AB0A0059CE02 /* Build configuration list for PBXNativeTarget "TestPOSTrequestTests" */ = {
			isa = XCConfigurationList;
			buildConfigurations = (
				09FB9B022705AB0A0059CE02 /* Debug */,
				09FB9B032705AB0A0059CE02 /* Release */,
			);
			defaultConfigurationIsVisible = 0;
			defaultConfigurationName = Release;
		};
		09FB9B042705AB0A0059CE02 /* Build configuration list for PBXNativeTarget "TestPOSTrequestUITests" */ = {
			isa = XCConfigurationList;
			buildConfigurations = (
				09FB9B052705AB0A0059CE02 /* Debug */,
				09FB9B062705AB0A0059CE02 /* Release */,
			);
			defaultConfigurationIsVisible = 0;
			defaultConfigurationName = Release;
		};
/* End XCConfigurationList section */
	};
	rootObject = 09FB9AD12705AB060059CE02 /* Project object */;
}
